// !$*UTF8*$!
{
	archiveVersion = 1;
	classes = {
	};
	objectVersion = 46;
	objects = {

/* Begin PBXBuildFile section */
		6321D1151A801D9100559508 /* ChuzzleKit.h in Headers */ = {isa = PBXBuildFile; fileRef = 6321D1141A801D9100559508 /* ChuzzleKit.h */; settings = {ATTRIBUTES = (Public, ); }; };
		6321D11B1A801D9100559508 /* ChuzzleKit.framework in Frameworks */ = {isa = PBXBuildFile; fileRef = 6321D10F1A801D9100559508 /* ChuzzleKit.framework */; };
		6321D1221A801D9100559508 /* ChuzzleKitTests.m in Sources */ = {isa = PBXBuildFile; fileRef = 6321D1211A801D9100559508 /* ChuzzleKitTests.m */; };
		6321D12B1A801DF800559508 /* Chuzzle.h in Headers */ = {isa = PBXBuildFile; fileRef = 6321D1291A801DF800559508 /* Chuzzle.h */; settings = {ATTRIBUTES = (Public, ); }; };
		6321D12C1A801DF800559508 /* Chuzzle.m in Sources */ = {isa = PBXBuildFile; fileRef = 6321D12A1A801DF800559508 /* Chuzzle.m */; };
/* End PBXBuildFile section */

/* Begin PBXContainerItemProxy section */
		6321D11C1A801D9100559508 /* PBXContainerItemProxy */ = {
			isa = PBXContainerItemProxy;
			containerPortal = 63F11F821A801D7100AE5B0E /* Project object */;
			proxyType = 1;
			remoteGlobalIDString = 6321D10E1A801D9100559508;
			remoteInfo = ChuzzleKit;
		};
/* End PBXContainerItemProxy section */

/* Begin PBXFileReference section */
		6321D10F1A801D9100559508 /* ChuzzleKit.framework */ = {isa = PBXFileReference; explicitFileType = wrapper.framework; includeInIndex = 0; path = ChuzzleKit.framework; sourceTree = BUILT_PRODUCTS_DIR; };
		6321D1131A801D9100559508 /* iOS-Framework-Info.plist */ = {isa = PBXFileReference; lastKnownFileType = text.plist.xml; path = "iOS-Framework-Info.plist"; sourceTree = "<group>"; };
		6321D1141A801D9100559508 /* ChuzzleKit.h */ = {isa = PBXFileReference; lastKnownFileType = sourcecode.c.h; path = ChuzzleKit.h; sourceTree = "<group>"; };
		6321D11A1A801D9100559508 /* ChuzzleKitTests.xctest */ = {isa = PBXFileReference; explicitFileType = wrapper.cfbundle; includeInIndex = 0; path = ChuzzleKitTests.xctest; sourceTree = BUILT_PRODUCTS_DIR; };
		6321D1211A801D9100559508 /* ChuzzleKitTests.m */ = {isa = PBXFileReference; lastKnownFileType = sourcecode.c.objc; name = ChuzzleKitTests.m; path = ../Tests/ChuzzleKitTests.m; sourceTree = "<group>"; };
		6321D1291A801DF800559508 /* Chuzzle.h */ = {isa = PBXFileReference; fileEncoding = 4; lastKnownFileType = sourcecode.c.h; path = Chuzzle.h; sourceTree = "<group>"; };
		6321D12A1A801DF800559508 /* Chuzzle.m */ = {isa = PBXFileReference; fileEncoding = 4; lastKnownFileType = sourcecode.c.objc; path = Chuzzle.m; sourceTree = "<group>"; };
/* End PBXFileReference section */

/* Begin PBXFrameworksBuildPhase section */
		6321D10B1A801D9100559508 /* Frameworks */ = {
			isa = PBXFrameworksBuildPhase;
			buildActionMask = 2147483647;
			files = (
			);
			runOnlyForDeploymentPostprocessing = 0;
		};
		6321D1171A801D9100559508 /* Frameworks */ = {
			isa = PBXFrameworksBuildPhase;
			buildActionMask = 2147483647;
			files = (
				6321D11B1A801D9100559508 /* ChuzzleKit.framework in Frameworks */,
			);
			runOnlyForDeploymentPostprocessing = 0;
		};
/* End PBXFrameworksBuildPhase section */

/* Begin PBXGroup section */
		6321D1101A801D9100559508 /* Products */ = {
			isa = PBXGroup;
			children = (
				6321D10F1A801D9100559508 /* ChuzzleKit.framework */,
				6321D11A1A801D9100559508 /* ChuzzleKitTests.xctest */,
			);
			name = Products;
			sourceTree = "<group>";
		};
		6321D11E1A801D9100559508 /* Tests */ = {
			isa = PBXGroup;
			children = (
				6321D1211A801D9100559508 /* ChuzzleKitTests.m */,
			);
			name = Tests;
			path = ChuzzleKitTests;
			sourceTree = "<group>";
		};
		63F11F811A801D7100AE5B0E = {
			isa = PBXGroup;
			children = (
				6321D1291A801DF800559508 /* Chuzzle.h */,
				6321D12A1A801DF800559508 /* Chuzzle.m */,
				6321D1141A801D9100559508 /* ChuzzleKit.h */,
				6321D1131A801D9100559508 /* iOS-Framework-Info.plist */,
				6321D11E1A801D9100559508 /* Tests */,
				6321D1101A801D9100559508 /* Products */,
			);
			sourceTree = "<group>";
		};
/* End PBXGroup section */

/* Begin PBXHeadersBuildPhase section */
		6321D10C1A801D9100559508 /* Headers */ = {
			isa = PBXHeadersBuildPhase;
			buildActionMask = 2147483647;
			files = (
				6321D12B1A801DF800559508 /* Chuzzle.h in Headers */,
				6321D1151A801D9100559508 /* ChuzzleKit.h in Headers */,
			);
			runOnlyForDeploymentPostprocessing = 0;
		};
/* End PBXHeadersBuildPhase section */

/* Begin PBXNativeTarget section */
		6321D10E1A801D9100559508 /* ChuzzleKit */ = {
			isa = PBXNativeTarget;
			buildConfigurationList = 6321D1271A801D9100559508 /* Build configuration list for PBXNativeTarget "ChuzzleKit" */;
			buildPhases = (
				6321D10A1A801D9100559508 /* Sources */,
				6321D10B1A801D9100559508 /* Frameworks */,
				6321D10C1A801D9100559508 /* Headers */,
				6321D10D1A801D9100559508 /* Resources */,
			);
			buildRules = (
			);
			dependencies = (
			);
			name = ChuzzleKit;
			productName = ChuzzleKit;
			productReference = 6321D10F1A801D9100559508 /* ChuzzleKit.framework */;
			productType = "com.apple.product-type.framework";
		};
		6321D1191A801D9100559508 /* ChuzzleKitTests */ = {
			isa = PBXNativeTarget;
			buildConfigurationList = 6321D1281A801D9100559508 /* Build configuration list for PBXNativeTarget "ChuzzleKitTests" */;
			buildPhases = (
				6321D1161A801D9100559508 /* Sources */,
				6321D1171A801D9100559508 /* Frameworks */,
				6321D1181A801D9100559508 /* Resources */,
			);
			buildRules = (
			);
			dependencies = (
				6321D11D1A801D9100559508 /* PBXTargetDependency */,
			);
			name = ChuzzleKitTests;
			productName = ChuzzleKitTests;
			productReference = 6321D11A1A801D9100559508 /* ChuzzleKitTests.xctest */;
			productType = "com.apple.product-type.bundle.unit-test";
		};
/* End PBXNativeTarget section */

/* Begin PBXProject section */
		63F11F821A801D7100AE5B0E /* Project object */ = {
			isa = PBXProject;
			attributes = {
				LastUpgradeCheck = 0610;
				TargetAttributes = {
					6321D10E1A801D9100559508 = {
						CreatedOnToolsVersion = 6.1.1;
					};
					6321D1191A801D9100559508 = {
						CreatedOnToolsVersion = 6.1.1;
					};
				};
			};
			buildConfigurationList = 63F11F851A801D7100AE5B0E /* Build configuration list for PBXProject "ChuzzleKit" */;
			compatibilityVersion = "Xcode 3.2";
			developmentRegion = English;
			hasScannedForEncodings = 0;
			knownRegions = (
				en,
			);
			mainGroup = 63F11F811A801D7100AE5B0E;
			productRefGroup = 6321D1101A801D9100559508 /* Products */;
			projectDirPath = "";
			projectRoot = "";
			targets = (
				6321D10E1A801D9100559508 /* ChuzzleKit */,
				6321D1191A801D9100559508 /* ChuzzleKitTests */,
			);
		};
/* End PBXProject section */

/* Begin PBXResourcesBuildPhase section */
		6321D10D1A801D9100559508 /* Resources */ = {
			isa = PBXResourcesBuildPhase;
			buildActionMask = 2147483647;
			files = (
			);
			runOnlyForDeploymentPostprocessing = 0;
		};
		6321D1181A801D9100559508 /* Resources */ = {
			isa = PBXResourcesBuildPhase;
			buildActionMask = 2147483647;
			files = (
			);
			runOnlyForDeploymentPostprocessing = 0;
		};
/* End PBXResourcesBuildPhase section */

/* Begin PBXSourcesBuildPhase section */
		6321D10A1A801D9100559508 /* Sources */ = {
			isa = PBXSourcesBuildPhase;
			buildActionMask = 2147483647;
			files = (
				6321D12C1A801DF800559508 /* Chuzzle.m in Sources */,
			);
			runOnlyForDeploymentPostprocessing = 0;
		};
		6321D1161A801D9100559508 /* Sources */ = {
			isa = PBXSourcesBuildPhase;
			buildActionMask = 2147483647;
			files = (
				6321D1221A801D9100559508 /* ChuzzleKitTests.m in Sources */,
			);
			runOnlyForDeploymentPostprocessing = 0;
		};
/* End PBXSourcesBuildPhase section */

/* Begin PBXTargetDependency section */
		6321D11D1A801D9100559508 /* PBXTargetDependency */ = {
			isa = PBXTargetDependency;
			target = 6321D10E1A801D9100559508 /* ChuzzleKit */;
			targetProxy = 6321D11C1A801D9100559508 /* PBXContainerItemProxy */;
		};
/* End PBXTargetDependency section */

/* Begin XCBuildConfiguration section */
		6321D1231A801D9100559508 /* Debug */ = {
			isa = XCBuildConfiguration;
			buildSettings = {
				ALWAYS_SEARCH_USER_PATHS = NO;
				CLANG_CXX_LANGUAGE_STANDARD = "gnu++0x";
				CLANG_CXX_LIBRARY = "libc++";
				CLANG_ENABLE_MODULES = YES;
				CLANG_ENABLE_OBJC_ARC = YES;
				CLANG_WARN_BOOL_CONVERSION = YES;
				CLANG_WARN_CONSTANT_CONVERSION = YES;
				CLANG_WARN_DIRECT_OBJC_ISA_USAGE = YES_ERROR;
				CLANG_WARN_EMPTY_BODY = YES;
				CLANG_WARN_ENUM_CONVERSION = YES;
				CLANG_WARN_INT_CONVERSION = YES;
				CLANG_WARN_OBJC_ROOT_CLASS = YES_ERROR;
				CLANG_WARN_UNREACHABLE_CODE = YES;
				CLANG_WARN__DUPLICATE_METHOD_MATCH = YES;
				"CODE_SIGN_IDENTITY[sdk=iphoneos*]" = "iPhone Developer";
				COPY_PHASE_STRIP = NO;
				CURRENT_PROJECT_VERSION = 1;
				DEFINES_MODULE = YES;
				DYLIB_COMPATIBILITY_VERSION = 1;
				DYLIB_CURRENT_VERSION = 1;
				DYLIB_INSTALL_NAME_BASE = "@rpath";
				ENABLE_STRICT_OBJC_MSGSEND = YES;
				GCC_C_LANGUAGE_STANDARD = gnu99;
				GCC_DYNAMIC_NO_PIC = NO;
				GCC_OPTIMIZATION_LEVEL = 0;
				GCC_PREPROCESSOR_DEFINITIONS = (
					"DEBUG=1",
					"$(inherited)",
				);
				GCC_SYMBOLS_PRIVATE_EXTERN = NO;
				GCC_WARN_64_TO_32_BIT_CONVERSION = YES;
				GCC_WARN_ABOUT_RETURN_TYPE = YES_ERROR;
				GCC_WARN_UNDECLARED_SELECTOR = YES;
				GCC_WARN_UNINITIALIZED_AUTOS = YES_AGGRESSIVE;
				GCC_WARN_UNUSED_FUNCTION = YES;
				GCC_WARN_UNUSED_VARIABLE = YES;
				INFOPLIST_FILE = "$(SRCROOT)/iOS-Framework-Info.plist";
				INSTALL_PATH = "$(LOCAL_LIBRARY_DIR)/Frameworks";
				IPHONEOS_DEPLOYMENT_TARGET = 8.0;
				LD_RUNPATH_SEARCH_PATHS = "$(inherited) @executable_path/Frameworks @loader_path/Frameworks";
				MTL_ENABLE_DEBUG_INFO = YES;
				ONLY_ACTIVE_ARCH = YES;
				PRODUCT_NAME = "$(TARGET_NAME)";
				SDKROOT = iphoneos;
				SKIP_INSTALL = YES;
				TARGETED_DEVICE_FAMILY = "1,2";
				VERSIONING_SYSTEM = "apple-generic";
				VERSION_INFO_PREFIX = "";
			};
			name = Debug;
		};
		6321D1241A801D9100559508 /* Release */ = {
			isa = XCBuildConfiguration;
			buildSettings = {
				ALWAYS_SEARCH_USER_PATHS = NO;
				CLANG_CXX_LANGUAGE_STANDARD = "gnu++0x";
				CLANG_CXX_LIBRARY = "libc++";
				CLANG_ENABLE_MODULES = YES;
				CLANG_ENABLE_OBJC_ARC = YES;
				CLANG_WARN_BOOL_CONVERSION = YES;
				CLANG_WARN_CONSTANT_CONVERSION = YES;
				CLANG_WARN_DIRECT_OBJC_ISA_USAGE = YES_ERROR;
				CLANG_WARN_EMPTY_BODY = YES;
				CLANG_WARN_ENUM_CONVERSION = YES;
				CLANG_WARN_INT_CONVERSION = YES;
				CLANG_WARN_OBJC_ROOT_CLASS = YES_ERROR;
				CLANG_WARN_UNREACHABLE_CODE = YES;
				CLANG_WARN__DUPLICATE_METHOD_MATCH = YES;
				"CODE_SIGN_IDENTITY[sdk=iphoneos*]" = "iPhone Distribution";
				COPY_PHASE_STRIP = YES;
				CURRENT_PROJECT_VERSION = 1;
				DEFINES_MODULE = YES;
				DYLIB_COMPATIBILITY_VERSION = 1;
				DYLIB_CURRENT_VERSION = 1;
				DYLIB_INSTALL_NAME_BASE = "@rpath";
				ENABLE_NS_ASSERTIONS = NO;
				ENABLE_STRICT_OBJC_MSGSEND = YES;
				GCC_C_LANGUAGE_STANDARD = gnu99;
				GCC_WARN_64_TO_32_BIT_CONVERSION = YES;
				GCC_WARN_ABOUT_RETURN_TYPE = YES_ERROR;
				GCC_WARN_UNDECLARED_SELECTOR = YES;
				GCC_WARN_UNINITIALIZED_AUTOS = YES_AGGRESSIVE;
				GCC_WARN_UNUSED_FUNCTION = YES;
				GCC_WARN_UNUSED_VARIABLE = YES;
				INFOPLIST_FILE = "$(SRCROOT)/iOS-Framework-Info.plist";
				INSTALL_PATH = "$(LOCAL_LIBRARY_DIR)/Frameworks";
				IPHONEOS_DEPLOYMENT_TARGET = 8.0;
				LD_RUNPATH_SEARCH_PATHS = "$(inherited) @executable_path/Frameworks @loader_path/Frameworks";
				MTL_ENABLE_DEBUG_INFO = NO;
				PRODUCT_NAME = "$(TARGET_NAME)";
				SDKROOT = iphoneos;
				SKIP_INSTALL = YES;
				TARGETED_DEVICE_FAMILY = "1,2";
				VALIDATE_PRODUCT = YES;
				VERSIONING_SYSTEM = "apple-generic";
				VERSION_INFO_PREFIX = "";
			};
			name = Release;
		};
		6321D1251A801D9100559508 /* Debug */ = {
			isa = XCBuildConfiguration;
			buildSettings = {
				ALWAYS_SEARCH_USER_PATHS = NO;
				CLANG_CXX_LANGUAGE_STANDARD = "gnu++0x";
				CLANG_CXX_LIBRARY = "libc++";
				CLANG_ENABLE_MODULES = YES;
				CLANG_ENABLE_OBJC_ARC = YES;
				CLANG_WARN_BOOL_CONVERSION = YES;
				CLANG_WARN_CONSTANT_CONVERSION = YES;
				CLANG_WARN_DIRECT_OBJC_ISA_USAGE = YES_ERROR;
				CLANG_WARN_EMPTY_BODY = YES;
				CLANG_WARN_ENUM_CONVERSION = YES;
				CLANG_WARN_INT_CONVERSION = YES;
				CLANG_WARN_OBJC_ROOT_CLASS = YES_ERROR;
				CLANG_WARN_UNREACHABLE_CODE = YES;
				CLANG_WARN__DUPLICATE_METHOD_MATCH = YES;
				CODE_SIGN_IDENTITY = "iPhone Developer";
				COPY_PHASE_STRIP = NO;
				ENABLE_STRICT_OBJC_MSGSEND = YES;
				FRAMEWORK_SEARCH_PATHS = (
					"$(SDKROOT)/Developer/Library/Frameworks",
					"$(inherited)",
				);
				GCC_C_LANGUAGE_STANDARD = gnu99;
				GCC_DYNAMIC_NO_PIC = NO;
				GCC_OPTIMIZATION_LEVEL = 0;
				GCC_PREPROCESSOR_DEFINITIONS = (
					"DEBUG=1",
					"$(inherited)",
				);
				GCC_SYMBOLS_PRIVATE_EXTERN = NO;
				GCC_WARN_64_TO_32_BIT_CONVERSION = YES;
				GCC_WARN_ABOUT_RETURN_TYPE = YES_ERROR;
				GCC_WARN_UNDECLARED_SELECTOR = YES;
				GCC_WARN_UNINITIALIZED_AUTOS = YES_AGGRESSIVE;
				GCC_WARN_UNUSED_FUNCTION = YES;
				GCC_WARN_UNUSED_VARIABLE = YES;
				INFOPLIST_FILE = "Tests/Tests-Info.plist";
				IPHONEOS_DEPLOYMENT_TARGET = 8.1;
				LD_RUNPATH_SEARCH_PATHS = "$(inherited) @executable_path/Frameworks @loader_path/Frameworks";
				MTL_ENABLE_DEBUG_INFO = YES;
				ONLY_ACTIVE_ARCH = YES;
				PRODUCT_NAME = "$(TARGET_NAME)";
				SDKROOT = iphoneos;
			};
			name = Debug;
		};
		6321D1261A801D9100559508 /* Release */ = {
			isa = XCBuildConfiguration;
			buildSettings = {
				ALWAYS_SEARCH_USER_PATHS = NO;
				CLANG_CXX_LANGUAGE_STANDARD = "gnu++0x";
				CLANG_CXX_LIBRARY = "libc++";
				CLANG_ENABLE_MODULES = YES;
				CLANG_ENABLE_OBJC_ARC = YES;
				CLANG_WARN_BOOL_CONVERSION = YES;
				CLANG_WARN_CONSTANT_CONVERSION = YES;
				CLANG_WARN_DIRECT_OBJC_ISA_USAGE = YES_ERROR;
				CLANG_WARN_EMPTY_BODY = YES;
				CLANG_WARN_ENUM_CONVERSION = YES;
				CLANG_WARN_INT_CONVERSION = YES;
				CLANG_WARN_OBJC_ROOT_CLASS = YES_ERROR;
				CLANG_WARN_UNREACHABLE_CODE = YES;
				CLANG_WARN__DUPLICATE_METHOD_MATCH = YES;
				CODE_SIGN_IDENTITY = "iPhone Distribution";
				COPY_PHASE_STRIP = YES;
				ENABLE_NS_ASSERTIONS = NO;
				ENABLE_STRICT_OBJC_MSGSEND = YES;
				FRAMEWORK_SEARCH_PATHS = (
					"$(SDKROOT)/Developer/Library/Frameworks",
					"$(inherited)",
				);
				GCC_C_LANGUAGE_STANDARD = gnu99;
				GCC_WARN_64_TO_32_BIT_CONVERSION = YES;
				GCC_WARN_ABOUT_RETURN_TYPE = YES_ERROR;
				GCC_WARN_UNDECLARED_SELECTOR = YES;
				GCC_WARN_UNINITIALIZED_AUTOS = YES_AGGRESSIVE;
				GCC_WARN_UNUSED_FUNCTION = YES;
				GCC_WARN_UNUSED_VARIABLE = YES;
				INFOPLIST_FILE = "Tests/Tests-Info.plist";
				IPHONEOS_DEPLOYMENT_TARGET = 8.1;
				LD_RUNPATH_SEARCH_PATHS = "$(inherited) @executable_path/Frameworks @loader_path/Frameworks";
				MTL_ENABLE_DEBUG_INFO = NO;
				PRODUCT_NAME = "$(TARGET_NAME)";
				SDKROOT = iphoneos;
				VALIDATE_PRODUCT = YES;
			};
			name = Release;
		};
		63F11F861A801D7100AE5B0E /* Debug */ = {
			isa = XCBuildConfiguration;
			buildSettings = {
			};
			name = Debug;
		};
		63F11F871A801D7100AE5B0E /* Release */ = {
			isa = XCBuildConfiguration;
			buildSettings = {
			};
			name = Release;
		};
/* End XCBuildConfiguration section */

/* Begin XCConfigurationList section */
		6321D1271A801D9100559508 /* Build configuration list for PBXNativeTarget "ChuzzleKit" */ = {
			isa = XCConfigurationList;
			buildConfigurations = (
				6321D1231A801D9100559508 /* Debug */,
				6321D1241A801D9100559508 /* Release */,
			);
			defaultConfigurationIsVisible = 0;
			defaultConfigurationName = Release;
		};
		6321D1281A801D9100559508 /* Build configuration list for PBXNativeTarget "ChuzzleKitTests" */ = {
			isa = XCConfigurationList;
			buildConfigurations = (
				6321D1251A801D9100559508 /* Debug */,
				6321D1261A801D9100559508 /* Release */,
			);
			defaultConfigurationIsVisible = 0;
			defaultConfigurationName = Release;
		};
		63F11F851A801D7100AE5B0E /* Build configuration list for PBXProject "ChuzzleKit" */ = {
			isa = XCConfigurationList;
			buildConfigurations = (
				63F11F861A801D7100AE5B0E /* Debug */,
				63F11F871A801D7100AE5B0E /* Release */,
			);
			defaultConfigurationIsVisible = 0;
			defaultConfigurationName = Release;
		};
/* End XCConfigurationList section */
	};
	rootObject = 63F11F821A801D7100AE5B0E /* Project object */;
}
